
Microsoft Visual Studio Solution File, Format Version 12.00
# Visual Studio Version 17
VisualStudioVersion = 17.11.35222.181
MinimumVisualStudioVersion = 10.0.40219.1
Project("{FAE04EC0-301F-11D3-BF4B-00C04F79EFBC}") = "WebApiCoreRegionMonitor", "WebApiCoreRegionMonitor\WebApiCoreRegionMonitor.csproj", "{1AFE52A3-D738-4A10-840B-B6EAB8D1C4CA}"
EndProject
Global
	GlobalSection(SolutionConfigurationPlatforms) = preSolution
		Debug|Any CPU = Debug|Any CPU
		Release|Any CPU = Release|Any CPU
	EndGlobalSection
	GlobalSection(ProjectConfigurationPlatforms) = postSolution
		{1AFE52A3-D738-4A10-840B-B6EAB8D1C4CA}.Debug|Any CPU.ActiveCfg = Debug|Any CPU
		{1AFE52A3-D738-4A10-840B-B6EAB8D1C4CA}.Debug|Any CPU.Build.0 = Debug|Any CPU
		{1AFE52A3-D738-4A10-840B-B6EAB8D1C4CA}.Release|Any CPU.ActiveCfg = Release|Any CPU
		{1AFE52A3-D738-4A10-840B-B6EAB8D1C4CA}.Release|Any CPU.Build.0 = Release|Any CPU
	EndGlobalSection
	GlobalSection(SolutionProperties) = preSolution
		HideSolutionNode = FALSE
	EndGlobalSection
	GlobalSection(ExtensibilityGlobals) = postSolution
		SolutionGuid = {95F77D37-932F-47E6-AF1B-CC40A6BDBEC2}
	EndGlobalSection
EndGlobal
